
Microsoft Visual Studio Solution File, Format Version 12.00
# Visual Studio Version 17
VisualStudioVersion = 17.11.35327.3
MinimumVisualStudioVersion = 10.0.40219.1
Project("{FAE04EC0-301F-11D3-BF4B-00C04F79EFBC}") = "EntityFW", "EntityFW.csproj", "{BFE68BC0-1897-44AC-B648-0AEB6593AF66}"
EndProject
Global
	GlobalSection(SolutionConfigurationPlatforms) = preSolution
		Debug|Any CPU = Debug|Any CPU
		Release|Any CPU = Release|Any CPU
	EndGlobalSection
	GlobalSection(ProjectConfigurationPlatforms) = postSolution
		{BFE68BC0-1897-44AC-B648-0AEB6593AF66}.Debug|Any CPU.ActiveCfg = Debug|Any CPU
		{BFE68BC0-1897-44AC-B648-0AEB6593AF66}.Debug|Any CPU.Build.0 = Debug|Any CPU
		{BFE68BC0-1897-44AC-B648-0AEB6593AF66}.Release|Any CPU.ActiveCfg = Release|Any CPU
		{BFE68BC0-1897-44AC-B648-0AEB6593AF66}.Release|Any CPU.Build.0 = Release|Any CPU
	EndGlobalSection
	GlobalSection(SolutionProperties) = preSolution
		HideSolutionNode = FALSE
	EndGlobalSection
	GlobalSection(ExtensibilityGlobals) = postSolution
		SolutionGuid = {2F552D0E-42F2-4562-9F9B-937CF8F30F1E}
	EndGlobalSection
EndGlobal
